// !$*UTF8*$!
{
	archiveVersion = 1;
	classes = {
	};
	objectVersion = 56;
	objects = {

/* Begin PBXBuildFile section */
		C341286E29C49AD90079300B /* PointMarkExampleView.swift in Sources */ = {isa = PBXBuildFile; fileRef = C341286D29C49AD90079300B /* PointMarkExampleView.swift */; };
		C341287029C4B0D60079300B /* AreaMarkExampleView.swift in Sources */ = {isa = PBXBuildFile; fileRef = C341286F29C4B0D60079300B /* AreaMarkExampleView.swift */; };
		C341287229C4B61C0079300B /* BarMarkExampleView.swift in Sources */ = {isa = PBXBuildFile; fileRef = C341287129C4B61C0079300B /* BarMarkExampleView.swift */; };
		C341287429C4C2CC0079300B /* RectangleMarkExampleView.swift in Sources */ = {isa = PBXBuildFile; fileRef = C341287329C4C2CC0079300B /* RectangleMarkExampleView.swift */; };
		C341287729C4CA360079300B /* LineMarkExampleView.swift in Sources */ = {isa = PBXBuildFile; fileRef = C341287629C4CA360079300B /* LineMarkExampleView.swift */; };
		C341287929C4DB650079300B /* RuleMarkExampleView.swift in Sources */ = {isa = PBXBuildFile; fileRef = C341287829C4DB650079300B /* RuleMarkExampleView.swift */; };
		C374BA7C29C9D00700F659C1 /* DateFormatter+extensions.swift in Sources */ = {isa = PBXBuildFile; fileRef = C374BA7B29C9D00700F659C1 /* DateFormatter+extensions.swift */; };
		C374BA7E29C9D05100F659C1 /* Init.swift in Sources */ = {isa = PBXBuildFile; fileRef = C374BA7D29C9D05100F659C1 /* Init.swift */; };
		C374BA8129C9DA1F00F659C1 /* LineChartLegendItemView.swift in Sources */ = {isa = PBXBuildFile; fileRef = C374BA8029C9DA1F00F659C1 /* LineChartLegendItemView.swift */; };
		C374BA8629C9E2D800F659C1 /* LineChartHeaderView.swift in Sources */ = {isa = PBXBuildFile; fileRef = C374BA8529C9E2D800F659C1 /* LineChartHeaderView.swift */; };
		C374BA8829C9E4DC00F659C1 /* LineChartHeaderContent.swift in Sources */ = {isa = PBXBuildFile; fileRef = C374BA8729C9E4DC00F659C1 /* LineChartHeaderContent.swift */; };
		C374BA8A29C9E6BC00F659C1 /* LongitudinalChartView.swift in Sources */ = {isa = PBXBuildFile; fileRef = C374BA8929C9E6BC00F659C1 /* LongitudinalChartView.swift */; };
		C37F79972A30DDFC00C7A1BC /* LongitudinalChartsListView.swift in Sources */ = {isa = PBXBuildFile; fileRef = C37F79962A30DDFC00C7A1BC /* LongitudinalChartsListView.swift */; };
		C37F799A2A30DF9600C7A1BC /* LongitudinalChartData.swift in Sources */ = {isa = PBXBuildFile; fileRef = C37F79992A30DF9600C7A1BC /* LongitudinalChartData.swift */; };
		C37F799C2A30E0BA00C7A1BC /* LineChartStat.swift in Sources */ = {isa = PBXBuildFile; fileRef = C37F799B2A30E0BA00C7A1BC /* LineChartStat.swift */; };
		C37F799E2A30E15000C7A1BC /* DeltaSide.swift in Sources */ = {isa = PBXBuildFile; fileRef = C37F799D2A30E15000C7A1BC /* DeltaSide.swift */; };
		C37F79A02A30E98300C7A1BC /* DeltaChange.swift in Sources */ = {isa = PBXBuildFile; fileRef = C37F799F2A30E98300C7A1BC /* DeltaChange.swift */; };
		C380AFAF29BF5E16000C9B27 /* FormattedResultDelta.swift in Sources */ = {isa = PBXBuildFile; fileRef = C380AFAE29BF5E16000C9B27 /* FormattedResultDelta.swift */; };
		C380AFB129BF5E4A000C9B27 /* DeltaSignificantChange.swift in Sources */ = {isa = PBXBuildFile; fileRef = C380AFB029BF5E4A000C9B27 /* DeltaSignificantChange.swift */; };
		C380AFB329BF5EDB000C9B27 /* PreviewContainer.swift in Sources */ = {isa = PBXBuildFile; fileRef = C380AFB229BF5EDB000C9B27 /* PreviewContainer.swift */; };
		C380AFB929BF5FDE000C9B27 /* String+deltaFormat.swift in Sources */ = {isa = PBXBuildFile; fileRef = C380AFB829BF5FDE000C9B27 /* String+deltaFormat.swift */; };
		C380AFBB29BF6041000C9B27 /* Color+Palette.swift in Sources */ = {isa = PBXBuildFile; fileRef = C380AFBA29BF6041000C9B27 /* Color+Palette.swift */; };
		C380AFBF29BF60E9000C9B27 /* DeltaValueView.swift in Sources */ = {isa = PBXBuildFile; fileRef = C380AFBE29BF60E9000C9B27 /* DeltaValueView.swift */; };
		C380AFC129BF6138000C9B27 /* String+Stat.swift in Sources */ = {isa = PBXBuildFile; fileRef = C380AFC029BF6138000C9B27 /* String+Stat.swift */; };
		C3D8602B29CDB76600D477E0 /* PointData.swift in Sources */ = {isa = PBXBuildFile; fileRef = C3D8602A29CDB76600D477E0 /* PointData.swift */; };
		C3D8602E29CDBA2700D477E0 /* LineChartData.swift in Sources */ = {isa = PBXBuildFile; fileRef = C3D8602D29CDBA2700D477E0 /* LineChartData.swift */; };
		C3DBEDFD2A31E3DC00FA059C /* LineData+sample.swift in Sources */ = {isa = PBXBuildFile; fileRef = C3DBEDFC2A31E3DC00FA059C /* LineData+sample.swift */; };
		C3DBEDFF2A31E44900FA059C /* LineChartData+sample.swift in Sources */ = {isa = PBXBuildFile; fileRef = C3DBEDFE2A31E44900FA059C /* LineChartData+sample.swift */; };
		C3DBEE012A31E48900FA059C /* FormattedResultDelta+sample.swift in Sources */ = {isa = PBXBuildFile; fileRef = C3DBEE002A31E48900FA059C /* FormattedResultDelta+sample.swift */; };
		C3DBEE032A31E4C800FA059C /* LineChartStat+sample.swift in Sources */ = {isa = PBXBuildFile; fileRef = C3DBEE022A31E4C800FA059C /* LineChartStat+sample.swift */; };
		C3DBEE052A31E51200FA059C /* LineChartHeaderContent+sample.swift in Sources */ = {isa = PBXBuildFile; fileRef = C3DBEE042A31E51200FA059C /* LineChartHeaderContent+sample.swift */; };
		C3DBEE072A31E54E00FA059C /* LongitudinalChartData+sample.swift in Sources */ = {isa = PBXBuildFile; fileRef = C3DBEE062A31E54E00FA059C /* LongitudinalChartData+sample.swift */; };
		C3DBEE092A31E76100FA059C /* LineChartStatView.swift in Sources */ = {isa = PBXBuildFile; fileRef = C3DBEE082A31E76100FA059C /* LineChartStatView.swift */; };
		C3DBEE0B2A31E87B00FA059C /* SidedResultDeltaView.swift in Sources */ = {isa = PBXBuildFile; fileRef = C3DBEE0A2A31E87B00FA059C /* SidedResultDeltaView.swift */; };
		C3DBEE0D2A31E92700FA059C /* Icons.swift in Sources */ = {isa = PBXBuildFile; fileRef = C3DBEE0C2A31E92700FA059C /* Icons.swift */; };
		C3DBEE122A31EB3B00FA059C /* StyleDelta.swift in Sources */ = {isa = PBXBuildFile; fileRef = C3DBEE112A31EB3B00FA059C /* StyleDelta.swift */; };
		C3DBEE142A31EB7300FA059C /* FormattedResultDelta+extension.swift in Sources */ = {isa = PBXBuildFile; fileRef = C3DBEE132A31EB7300FA059C /* FormattedResultDelta+extension.swift */; };
		C3DBEE172A31EF5E00FA059C /* LineData+extensions.swift in Sources */ = {isa = PBXBuildFile; fileRef = C3DBEE162A31EF5E00FA059C /* LineData+extensions.swift */; };
		C3DBEE192A31EFDD00FA059C /* PointData+extensions.swift in Sources */ = {isa = PBXBuildFile; fileRef = C3DBEE182A31EFDD00FA059C /* PointData+extensions.swift */; };
		C3DBEE1B2A31F2E800FA059C /* Color+LineChart.swift in Sources */ = {isa = PBXBuildFile; fileRef = C3DBEE1A2A31F2E800FA059C /* Color+LineChart.swift */; };
		C3DBEE1D2A31F37100FA059C /* ResultsHistoryView.swift in Sources */ = {isa = PBXBuildFile; fileRef = C3DBEE1C2A31F37100FA059C /* ResultsHistoryView.swift */; };
		C3DBEE1F2A31F4A100FA059C /* CenterVerticallyInScrollView.swift in Sources */ = {isa = PBXBuildFile; fileRef = C3DBEE1E2A31F4A100FA059C /* CenterVerticallyInScrollView.swift */; };
		C3F55F5C29C8ADFA0088D590 /* LineChartView.swift in Sources */ = {isa = PBXBuildFile; fileRef = C3F55F5B29C8ADFA0088D590 /* LineChartView.swift */; };
		C3F55F6829C8BCEE0088D590 /* Data+String.swift in Sources */ = {isa = PBXBuildFile; fileRef = C3F55F6729C8BCEE0088D590 /* Data+String.swift */; };
		DAF29ACA298D4CB00076095B /* LineChartApp.swift in Sources */ = {isa = PBXBuildFile; fileRef = DAF29AC9298D4CB00076095B /* LineChartApp.swift */; };
		DAF29ACE298D4CB10076095B /* Assets.xcassets in Resources */ = {isa = PBXBuildFile; fileRef = DAF29ACD298D4CB10076095B /* Assets.xcassets */; };
		DAF29AD1298D4CB10076095B /* Preview Assets.xcassets in Resources */ = {isa = PBXBuildFile; fileRef = DAF29AD0298D4CB10076095B /* Preview Assets.xcassets */; };
		DAF29ADB298D52000076095B /* LineData.swift in Sources */ = {isa = PBXBuildFile; fileRef = DAF29ADA298D52000076095B /* LineData.swift */; };
/* End PBXBuildFile section */

/* Begin PBXFileReference section */
		C341286D29C49AD90079300B /* PointMarkExampleView.swift */ = {isa = PBXFileReference; lastKnownFileType = sourcecode.swift; path = PointMarkExampleView.swift; sourceTree = "<group>"; };
		C341286F29C4B0D60079300B /* AreaMarkExampleView.swift */ = {isa = PBXFileReference; lastKnownFileType = sourcecode.swift; path = AreaMarkExampleView.swift; sourceTree = "<group>"; };
		C341287129C4B61C0079300B /* BarMarkExampleView.swift */ = {isa = PBXFileReference; lastKnownFileType = sourcecode.swift; path = BarMarkExampleView.swift; sourceTree = "<group>"; };
		C341287329C4C2CC0079300B /* RectangleMarkExampleView.swift */ = {isa = PBXFileReference; lastKnownFileType = sourcecode.swift; path = RectangleMarkExampleView.swift; sourceTree = "<group>"; };
		C341287629C4CA360079300B /* LineMarkExampleView.swift */ = {isa = PBXFileReference; lastKnownFileType = sourcecode.swift; path = LineMarkExampleView.swift; sourceTree = "<group>"; };
		C341287829C4DB650079300B /* RuleMarkExampleView.swift */ = {isa = PBXFileReference; lastKnownFileType = sourcecode.swift; path = RuleMarkExampleView.swift; sourceTree = "<group>"; };
		C374BA7B29C9D00700F659C1 /* DateFormatter+extensions.swift */ = {isa = PBXFileReference; lastKnownFileType = sourcecode.swift; path = "DateFormatter+extensions.swift"; sourceTree = "<group>"; };
		C374BA7D29C9D05100F659C1 /* Init.swift */ = {isa = PBXFileReference; lastKnownFileType = sourcecode.swift; path = Init.swift; sourceTree = "<group>"; };
		C374BA8029C9DA1F00F659C1 /* LineChartLegendItemView.swift */ = {isa = PBXFileReference; lastKnownFileType = sourcecode.swift; path = LineChartLegendItemView.swift; sourceTree = "<group>"; };
		C374BA8529C9E2D800F659C1 /* LineChartHeaderView.swift */ = {isa = PBXFileReference; lastKnownFileType = sourcecode.swift; path = LineChartHeaderView.swift; sourceTree = "<group>"; };
		C374BA8729C9E4DC00F659C1 /* LineChartHeaderContent.swift */ = {isa = PBXFileReference; lastKnownFileType = sourcecode.swift; path = LineChartHeaderContent.swift; sourceTree = "<group>"; };
		C374BA8929C9E6BC00F659C1 /* LongitudinalChartView.swift */ = {isa = PBXFileReference; lastKnownFileType = sourcecode.swift; path = LongitudinalChartView.swift; sourceTree = "<group>"; };
		C37F79962A30DDFC00C7A1BC /* LongitudinalChartsListView.swift */ = {isa = PBXFileReference; lastKnownFileType = sourcecode.swift; path = LongitudinalChartsListView.swift; sourceTree = "<group>"; };
		C37F79992A30DF9600C7A1BC /* LongitudinalChartData.swift */ = {isa = PBXFileReference; lastKnownFileType = sourcecode.swift; path = LongitudinalChartData.swift; sourceTree = "<group>"; };
		C37F799B2A30E0BA00C7A1BC /* LineChartStat.swift */ = {isa = PBXFileReference; lastKnownFileType = sourcecode.swift; path = LineChartStat.swift; sourceTree = "<group>"; };
		C37F799D2A30E15000C7A1BC /* DeltaSide.swift */ = {isa = PBXFileReference; lastKnownFileType = sourcecode.swift; path = DeltaSide.swift; sourceTree = "<group>"; };
		C37F799F2A30E98300C7A1BC /* DeltaChange.swift */ = {isa = PBXFileReference; lastKnownFileType = sourcecode.swift; path = DeltaChange.swift; sourceTree = "<group>"; };
		C380AFAE29BF5E16000C9B27 /* FormattedResultDelta.swift */ = {isa = PBXFileReference; lastKnownFileType = sourcecode.swift; path = FormattedResultDelta.swift; sourceTree = "<group>"; };
		C380AFB029BF5E4A000C9B27 /* DeltaSignificantChange.swift */ = {isa = PBXFileReference; lastKnownFileType = sourcecode.swift; path = DeltaSignificantChange.swift; sourceTree = "<group>"; };
		C380AFB229BF5EDB000C9B27 /* PreviewContainer.swift */ = {isa = PBXFileReference; lastKnownFileType = sourcecode.swift; path = PreviewContainer.swift; sourceTree = "<group>"; };
		C380AFB829BF5FDE000C9B27 /* String+deltaFormat.swift */ = {isa = PBXFileReference; lastKnownFileType = sourcecode.swift; path = "String+deltaFormat.swift"; sourceTree = "<group>"; };
		C380AFBA29BF6041000C9B27 /* Color+Palette.swift */ = {isa = PBXFileReference; lastKnownFileType = sourcecode.swift; path = "Color+Palette.swift"; sourceTree = "<group>"; };
		C380AFBE29BF60E9000C9B27 /* DeltaValueView.swift */ = {isa = PBXFileReference; lastKnownFileType = sourcecode.swift; path = DeltaValueView.swift; sourceTree = "<group>"; };
		C380AFC029BF6138000C9B27 /* String+Stat.swift */ = {isa = PBXFileReference; lastKnownFileType = sourcecode.swift; path = "String+Stat.swift"; sourceTree = "<group>"; };
		C3D8602A29CDB76600D477E0 /* PointData.swift */ = {isa = PBXFileReference; lastKnownFileType = sourcecode.swift; path = PointData.swift; sourceTree = "<group>"; };
		C3D8602D29CDBA2700D477E0 /* LineChartData.swift */ = {isa = PBXFileReference; lastKnownFileType = sourcecode.swift; path = LineChartData.swift; sourceTree = "<group>"; };
		C3DBEDFC2A31E3DC00FA059C /* LineData+sample.swift */ = {isa = PBXFileReference; lastKnownFileType = sourcecode.swift; path = "LineData+sample.swift"; sourceTree = "<group>"; };
		C3DBEDFE2A31E44900FA059C /* LineChartData+sample.swift */ = {isa = PBXFileReference; lastKnownFileType = sourcecode.swift; path = "LineChartData+sample.swift"; sourceTree = "<group>"; };
		C3DBEE002A31E48900FA059C /* FormattedResultDelta+sample.swift */ = {isa = PBXFileReference; lastKnownFileType = sourcecode.swift; path = "FormattedResultDelta+sample.swift"; sourceTree = "<group>"; };
		C3DBEE022A31E4C800FA059C /* LineChartStat+sample.swift */ = {isa = PBXFileReference; lastKnownFileType = sourcecode.swift; path = "LineChartStat+sample.swift"; sourceTree = "<group>"; };
		C3DBEE042A31E51200FA059C /* LineChartHeaderContent+sample.swift */ = {isa = PBXFileReference; lastKnownFileType = sourcecode.swift; path = "LineChartHeaderContent+sample.swift"; sourceTree = "<group>"; };
		C3DBEE062A31E54E00FA059C /* LongitudinalChartData+sample.swift */ = {isa = PBXFileReference; lastKnownFileType = sourcecode.swift; path = "LongitudinalChartData+sample.swift"; sourceTree = "<group>"; };
		C3DBEE082A31E76100FA059C /* LineChartStatView.swift */ = {isa = PBXFileReference; lastKnownFileType = sourcecode.swift; path = LineChartStatView.swift; sourceTree = "<group>"; };
		C3DBEE0A2A31E87B00FA059C /* SidedResultDeltaView.swift */ = {isa = PBXFileReference; lastKnownFileType = sourcecode.swift; path = SidedResultDeltaView.swift; sourceTree = "<group>"; };
		C3DBEE0C2A31E92700FA059C /* Icons.swift */ = {isa = PBXFileReference; lastKnownFileType = sourcecode.swift; path = Icons.swift; sourceTree = "<group>"; };
		C3DBEE112A31EB3B00FA059C /* StyleDelta.swift */ = {isa = PBXFileReference; lastKnownFileType = sourcecode.swift; path = StyleDelta.swift; sourceTree = "<group>"; };
		C3DBEE132A31EB7300FA059C /* FormattedResultDelta+extension.swift */ = {isa = PBXFileReference; lastKnownFileType = sourcecode.swift; path = "FormattedResultDelta+extension.swift"; sourceTree = "<group>"; };
		C3DBEE162A31EF5E00FA059C /* LineData+extensions.swift */ = {isa = PBXFileReference; lastKnownFileType = sourcecode.swift; path = "LineData+extensions.swift"; sourceTree = "<group>"; };
		C3DBEE182A31EFDD00FA059C /* PointData+extensions.swift */ = {isa = PBXFileReference; lastKnownFileType = sourcecode.swift; path = "PointData+extensions.swift"; sourceTree = "<group>"; };
		C3DBEE1A2A31F2E800FA059C /* Color+LineChart.swift */ = {isa = PBXFileReference; lastKnownFileType = sourcecode.swift; path = "Color+LineChart.swift"; sourceTree = "<group>"; };
		C3DBEE1C2A31F37100FA059C /* ResultsHistoryView.swift */ = {isa = PBXFileReference; lastKnownFileType = sourcecode.swift; path = ResultsHistoryView.swift; sourceTree = "<group>"; };
		C3DBEE1E2A31F4A100FA059C /* CenterVerticallyInScrollView.swift */ = {isa = PBXFileReference; lastKnownFileType = sourcecode.swift; path = CenterVerticallyInScrollView.swift; sourceTree = "<group>"; };
		C3F55F5B29C8ADFA0088D590 /* LineChartView.swift */ = {isa = PBXFileReference; lastKnownFileType = sourcecode.swift; path = LineChartView.swift; sourceTree = "<group>"; };
		C3F55F6729C8BCEE0088D590 /* Data+String.swift */ = {isa = PBXFileReference; lastKnownFileType = sourcecode.swift; path = "Data+String.swift"; sourceTree = "<group>"; };
		DAF29AC6298D4CB00076095B /* LineChart.app */ = {isa = PBXFileReference; explicitFileType = wrapper.application; includeInIndex = 0; path = LineChart.app; sourceTree = BUILT_PRODUCTS_DIR; };
		DAF29AC9298D4CB00076095B /* LineChartApp.swift */ = {isa = PBXFileReference; lastKnownFileType = sourcecode.swift; path = LineChartApp.swift; sourceTree = "<group>"; };
		DAF29ACD298D4CB10076095B /* Assets.xcassets */ = {isa = PBXFileReference; lastKnownFileType = folder.assetcatalog; path = Assets.xcassets; sourceTree = "<group>"; };
		DAF29AD0298D4CB10076095B /* Preview Assets.xcassets */ = {isa = PBXFileReference; lastKnownFileType = folder.assetcatalog; path = "Preview Assets.xcassets"; sourceTree = "<group>"; };
		DAF29AD2298D4CB10076095B /* LineChart.entitlements */ = {isa = PBXFileReference; lastKnownFileType = text.plist.entitlements; path = LineChart.entitlements; sourceTree = "<group>"; };
		DAF29ADA298D52000076095B /* LineData.swift */ = {isa = PBXFileReference; lastKnownFileType = sourcecode.swift; path = LineData.swift; sourceTree = "<group>"; };
/* End PBXFileReference section */

/* Begin PBXFrameworksBuildPhase section */
		DAF29AC3298D4CB00076095B /* Frameworks */ = {
			isa = PBXFrameworksBuildPhase;
			buildActionMask = 2147483647;
			files = (
			);
			runOnlyForDeploymentPostprocessing = 0;
		};
/* End PBXFrameworksBuildPhase section */

/* Begin PBXGroup section */
		C341287529C4C8C40079300B /* MarkExamples */ = {
			isa = PBXGroup;
			children = (
				C341286F29C4B0D60079300B /* AreaMarkExampleView.swift */,
				C341287629C4CA360079300B /* LineMarkExampleView.swift */,
				C341286D29C49AD90079300B /* PointMarkExampleView.swift */,
				C341287329C4C2CC0079300B /* RectangleMarkExampleView.swift */,
				C341287829C4DB650079300B /* RuleMarkExampleView.swift */,
				C341287129C4B61C0079300B /* BarMarkExampleView.swift */,
			);
			path = MarkExamples;
			sourceTree = "<group>";
		};
		C374BA8229C9DB6E00F659C1 /* Custom */ = {
			isa = PBXGroup;
			children = (
			);
			path = Custom;
			sourceTree = "<group>";
		};
		C37F79982A30DF7700C7A1BC /* LongitudinalCharts */ = {
			isa = PBXGroup;
			children = (
				C3DBEE0E2A31EA2F00FA059C /* UI */,
				C3DBEE0F2A31EA4B00FA059C /* Classes */,
			);
			path = LongitudinalCharts;
			sourceTree = "<group>";
		};
		C380AFA929BF5D8B000C9B27 /* ScanApp */ = {
			isa = PBXGroup;
			children = (
				C37F79982A30DF7700C7A1BC /* LongitudinalCharts */,
				C3DBEE102A31EA7E00FA059C /* Helpers */,
			);
			path = ScanApp;
			sourceTree = "<group>";
		};
		C3DBEE0E2A31EA2F00FA059C /* UI */ = {
			isa = PBXGroup;
			children = (
				C374BA8229C9DB6E00F659C1 /* Custom */,
				C3DBEE152A31ED8900FA059C /* Changed */,
				C37F79962A30DDFC00C7A1BC /* LongitudinalChartsListView.swift */,
				C374BA8029C9DA1F00F659C1 /* LineChartLegendItemView.swift */,
				C374BA8929C9E6BC00F659C1 /* LongitudinalChartView.swift */,
				C374BA8529C9E2D800F659C1 /* LineChartHeaderView.swift */,
				C3DBEE082A31E76100FA059C /* LineChartStatView.swift */,
				C3DBEE0A2A31E87B00FA059C /* SidedResultDeltaView.swift */,
				C380AFBE29BF60E9000C9B27 /* DeltaValueView.swift */,
				C3F55F5B29C8ADFA0088D590 /* LineChartView.swift */,
				C380AFB229BF5EDB000C9B27 /* PreviewContainer.swift */,
				C3DBEE112A31EB3B00FA059C /* StyleDelta.swift */,
				C3DBEE1E2A31F4A100FA059C /* CenterVerticallyInScrollView.swift */,
			);
			path = UI;
			sourceTree = "<group>";
		};
		C3DBEE0F2A31EA4B00FA059C /* Classes */ = {
			isa = PBXGroup;
			children = (
				C37F79992A30DF9600C7A1BC /* LongitudinalChartData.swift */,
				C3DBEE062A31E54E00FA059C /* LongitudinalChartData+sample.swift */,
				C374BA8729C9E4DC00F659C1 /* LineChartHeaderContent.swift */,
				C3DBEE042A31E51200FA059C /* LineChartHeaderContent+sample.swift */,
				C37F799B2A30E0BA00C7A1BC /* LineChartStat.swift */,
				C3DBEE022A31E4C800FA059C /* LineChartStat+sample.swift */,
				C380AFAE29BF5E16000C9B27 /* FormattedResultDelta.swift */,
				C3DBEE132A31EB7300FA059C /* FormattedResultDelta+extension.swift */,
				C3DBEE002A31E48900FA059C /* FormattedResultDelta+sample.swift */,
				C37F799D2A30E15000C7A1BC /* DeltaSide.swift */,
				C37F799F2A30E98300C7A1BC /* DeltaChange.swift */,
				C3D8602D29CDBA2700D477E0 /* LineChartData.swift */,
				C3DBEDFE2A31E44900FA059C /* LineChartData+sample.swift */,
				DAF29ADA298D52000076095B /* LineData.swift */,
				C3DBEE162A31EF5E00FA059C /* LineData+extensions.swift */,
				C3DBEDFC2A31E3DC00FA059C /* LineData+sample.swift */,
				C3D8602A29CDB76600D477E0 /* PointData.swift */,
				C3DBEE182A31EFDD00FA059C /* PointData+extensions.swift */,
				C380AFB029BF5E4A000C9B27 /* DeltaSignificantChange.swift */,
			);
			path = Classes;
			sourceTree = "<group>";
		};
		C3DBEE102A31EA7E00FA059C /* Helpers */ = {
			isa = PBXGroup;
			children = (
				C380AFBA29BF6041000C9B27 /* Color+Palette.swift */,
				C374BA7B29C9D00700F659C1 /* DateFormatter+extensions.swift */,
				C3DBEE0C2A31E92700FA059C /* Icons.swift */,
				C374BA7D29C9D05100F659C1 /* Init.swift */,
				C380AFB829BF5FDE000C9B27 /* String+deltaFormat.swift */,
				C380AFC029BF6138000C9B27 /* String+Stat.swift */,
				C3F55F6729C8BCEE0088D590 /* Data+String.swift */,
				C3DBEE1A2A31F2E800FA059C /* Color+LineChart.swift */,
			);
			path = Helpers;
			sourceTree = "<group>";
		};
		C3DBEE152A31ED8900FA059C /* Changed */ = {
			isa = PBXGroup;
			children = (
				C3DBEE1C2A31F37100FA059C /* ResultsHistoryView.swift */,
			);
			path = Changed;
			sourceTree = "<group>";
		};
		DAF29ABD298D4CB00076095B = {
			isa = PBXGroup;
			children = (
				DAF29AC8298D4CB00076095B /* LineChart */,
				DAF29AC7298D4CB00076095B /* Products */,
			);
			sourceTree = "<group>";
		};
		DAF29AC7298D4CB00076095B /* Products */ = {
			isa = PBXGroup;
			children = (
				DAF29AC6298D4CB00076095B /* LineChart.app */,
			);
			name = Products;
			sourceTree = "<group>";
		};
		DAF29AC8298D4CB00076095B /* LineChart */ = {
			isa = PBXGroup;
			children = (
				DAF29AC9298D4CB00076095B /* LineChartApp.swift */,
				C380AFA929BF5D8B000C9B27 /* ScanApp */,
				C341287529C4C8C40079300B /* MarkExamples */,
				DAF29ACD298D4CB10076095B /* Assets.xcassets */,
				DAF29AD2298D4CB10076095B /* LineChart.entitlements */,
				DAF29ACF298D4CB10076095B /* Preview Content */,
			);
			path = LineChart;
			sourceTree = "<group>";
		};
		DAF29ACF298D4CB10076095B /* Preview Content */ = {
			isa = PBXGroup;
			children = (
				DAF29AD0298D4CB10076095B /* Preview Assets.xcassets */,
			);
			path = "Preview Content";
			sourceTree = "<group>";
		};
/* End PBXGroup section */

/* Begin PBXNativeTarget section */
		DAF29AC5298D4CB00076095B /* LineChart */ = {
			isa = PBXNativeTarget;
			buildConfigurationList = DAF29AD5298D4CB10076095B /* Build configuration list for PBXNativeTarget "LineChart" */;
			buildPhases = (
				DAF29AC2298D4CB00076095B /* Sources */,
				DAF29AC3298D4CB00076095B /* Frameworks */,
				DAF29AC4298D4CB00076095B /* Resources */,
			);
			buildRules = (
			);
			dependencies = (
			);
			name = LineChart;
			productName = LineChart;
			productReference = DAF29AC6298D4CB00076095B /* LineChart.app */;
			productType = "com.apple.product-type.application";
		};
/* End PBXNativeTarget section */

/* Begin PBXProject section */
		DAF29ABE298D4CB00076095B /* Project object */ = {
			isa = PBXProject;
			attributes = {
				BuildIndependentTargetsInParallel = 1;
				LastSwiftUpdateCheck = 1420;
				LastUpgradeCheck = 1420;
				TargetAttributes = {
					DAF29AC5298D4CB00076095B = {
						CreatedOnToolsVersion = 14.2;
					};
				};
			};
			buildConfigurationList = DAF29AC1298D4CB00076095B /* Build configuration list for PBXProject "LineChart" */;
			compatibilityVersion = "Xcode 14.0";
			developmentRegion = en;
			hasScannedForEncodings = 0;
			knownRegions = (
				en,
				Base,
			);
			mainGroup = DAF29ABD298D4CB00076095B;
			productRefGroup = DAF29AC7298D4CB00076095B /* Products */;
			projectDirPath = "";
			projectRoot = "";
			targets = (
				DAF29AC5298D4CB00076095B /* LineChart */,
			);
		};
/* End PBXProject section */

/* Begin PBXResourcesBuildPhase section */
		DAF29AC4298D4CB00076095B /* Resources */ = {
			isa = PBXResourcesBuildPhase;
			buildActionMask = 2147483647;
			files = (
				DAF29AD1298D4CB10076095B /* Preview Assets.xcassets in Resources */,
				DAF29ACE298D4CB10076095B /* Assets.xcassets in Resources */,
			);
			runOnlyForDeploymentPostprocessing = 0;
		};
/* End PBXResourcesBuildPhase section */

/* Begin PBXSourcesBuildPhase section */
		DAF29AC2298D4CB00076095B /* Sources */ = {
			isa = PBXSourcesBuildPhase;
			buildActionMask = 2147483647;
			files = (
				C374BA7C29C9D00700F659C1 /* DateFormatter+extensions.swift in Sources */,
				C341287229C4B61C0079300B /* BarMarkExampleView.swift in Sources */,
				C3DBEE192A31EFDD00FA059C /* PointData+extensions.swift in Sources */,
				C3DBEE122A31EB3B00FA059C /* StyleDelta.swift in Sources */,
				C341286E29C49AD90079300B /* PointMarkExampleView.swift in Sources */,
				C380AFC129BF6138000C9B27 /* String+Stat.swift in Sources */,
				C3DBEE032A31E4C800FA059C /* LineChartStat+sample.swift in Sources */,
				C37F79A02A30E98300C7A1BC /* DeltaChange.swift in Sources */,
				C37F799C2A30E0BA00C7A1BC /* LineChartStat.swift in Sources */,
				C37F79972A30DDFC00C7A1BC /* LongitudinalChartsListView.swift in Sources */,
				C380AFBB29BF6041000C9B27 /* Color+Palette.swift in Sources */,
				C380AFBF29BF60E9000C9B27 /* DeltaValueView.swift in Sources */,
				C3DBEE092A31E76100FA059C /* LineChartStatView.swift in Sources */,
				C341287929C4DB650079300B /* RuleMarkExampleView.swift in Sources */,
				C3DBEE012A31E48900FA059C /* FormattedResultDelta+sample.swift in Sources */,
				C374BA8829C9E4DC00F659C1 /* LineChartHeaderContent.swift in Sources */,
				C3DBEE052A31E51200FA059C /* LineChartHeaderContent+sample.swift in Sources */,
				C3DBEDFF2A31E44900FA059C /* LineChartData+sample.swift in Sources */,
				DAF29ACA298D4CB00076095B /* LineChartApp.swift in Sources */,
				C380AFB929BF5FDE000C9B27 /* String+deltaFormat.swift in Sources */,
				C3DBEE1B2A31F2E800FA059C /* Color+LineChart.swift in Sources */,
				C380AFB329BF5EDB000C9B27 /* PreviewContainer.swift in Sources */,
				C380AFAF29BF5E16000C9B27 /* FormattedResultDelta.swift in Sources */,
				C3DBEE0D2A31E92700FA059C /* Icons.swift in Sources */,
				C374BA8129C9DA1F00F659C1 /* LineChartLegendItemView.swift in Sources */,
				C374BA8629C9E2D800F659C1 /* LineChartHeaderView.swift in Sources */,
				C3DBEE1D2A31F37100FA059C /* ResultsHistoryView.swift in Sources */,
				C3DBEE142A31EB7300FA059C /* FormattedResultDelta+extension.swift in Sources */,
				C3DBEDFD2A31E3DC00FA059C /* LineData+sample.swift in Sources */,
				C3F55F6829C8BCEE0088D590 /* Data+String.swift in Sources */,
				C380AFB129BF5E4A000C9B27 /* DeltaSignificantChange.swift in Sources */,
				C374BA8A29C9E6BC00F659C1 /* LongitudinalChartView.swift in Sources */,
				C3DBEE1F2A31F4A100FA059C /* CenterVerticallyInScrollView.swift in Sources */,
				C3D8602E29CDBA2700D477E0 /* LineChartData.swift in Sources */,
				C374BA7E29C9D05100F659C1 /* Init.swift in Sources */,
				C3F55F5C29C8ADFA0088D590 /* LineChartView.swift in Sources */,
				C37F799E2A30E15000C7A1BC /* DeltaSide.swift in Sources */,
				C341287429C4C2CC0079300B /* RectangleMarkExampleView.swift in Sources */,
				C3DBEE0B2A31E87B00FA059C /* SidedResultDeltaView.swift in Sources */,
				C3DBEE072A31E54E00FA059C /* LongitudinalChartData+sample.swift in Sources */,
				C341287029C4B0D60079300B /* AreaMarkExampleView.swift in Sources */,
				C341287729C4CA360079300B /* LineMarkExampleView.swift in Sources */,
				DAF29ADB298D52000076095B /* LineData.swift in Sources */,
				C37F799A2A30DF9600C7A1BC /* LongitudinalChartData.swift in Sources */,
				C3D8602B29CDB76600D477E0 /* PointData.swift in Sources */,
				C3DBEE172A31EF5E00FA059C /* LineData+extensions.swift in Sources */,
			);
			runOnlyForDeploymentPostprocessing = 0;
		};
/* End PBXSourcesBuildPhase section */

/* Begin XCBuildConfiguration section */
		DAF29AD3298D4CB10076095B /* Debug */ = {
			isa = XCBuildConfiguration;
			buildSettings = {
				ALWAYS_SEARCH_USER_PATHS = NO;
				CLANG_ANALYZER_NONNULL = YES;
				CLANG_ANALYZER_NUMBER_OBJECT_CONVERSION = YES_AGGRESSIVE;
				CLANG_CXX_LANGUAGE_STANDARD = "gnu++20";
				CLANG_ENABLE_MODULES = YES;
				CLANG_ENABLE_OBJC_ARC = YES;
				CLANG_ENABLE_OBJC_WEAK = YES;
				CLANG_WARN_BLOCK_CAPTURE_AUTORELEASING = YES;
				CLANG_WARN_BOOL_CONVERSION = YES;
				CLANG_WARN_COMMA = YES;
				CLANG_WARN_CONSTANT_CONVERSION = YES;
				CLANG_WARN_DEPRECATED_OBJC_IMPLEMENTATIONS = YES;
				CLANG_WARN_DIRECT_OBJC_ISA_USAGE = YES_ERROR;
				CLANG_WARN_DOCUMENTATION_COMMENTS = YES;
				CLANG_WARN_EMPTY_BODY = YES;
				CLANG_WARN_ENUM_CONVERSION = YES;
				CLANG_WARN_INFINITE_RECURSION = YES;
				CLANG_WARN_INT_CONVERSION = YES;
				CLANG_WARN_NON_LITERAL_NULL_CONVERSION = YES;
				CLANG_WARN_OBJC_IMPLICIT_RETAIN_SELF = YES;
				CLANG_WARN_OBJC_LITERAL_CONVERSION = YES;
				CLANG_WARN_OBJC_ROOT_CLASS = YES_ERROR;
				CLANG_WARN_QUOTED_INCLUDE_IN_FRAMEWORK_HEADER = YES;
				CLANG_WARN_RANGE_LOOP_ANALYSIS = YES;
				CLANG_WARN_STRICT_PROTOTYPES = YES;
				CLANG_WARN_SUSPICIOUS_MOVE = YES;
				CLANG_WARN_UNGUARDED_AVAILABILITY = YES_AGGRESSIVE;
				CLANG_WARN_UNREACHABLE_CODE = YES;
				CLANG_WARN__DUPLICATE_METHOD_MATCH = YES;
				COPY_PHASE_STRIP = NO;
				DEBUG_INFORMATION_FORMAT = dwarf;
				ENABLE_STRICT_OBJC_MSGSEND = YES;
				ENABLE_TESTABILITY = YES;
				GCC_C_LANGUAGE_STANDARD = gnu11;
				GCC_DYNAMIC_NO_PIC = NO;
				GCC_NO_COMMON_BLOCKS = YES;
				GCC_OPTIMIZATION_LEVEL = 0;
				GCC_PREPROCESSOR_DEFINITIONS = (
					"DEBUG=1",
					"$(inherited)",
				);
				GCC_WARN_64_TO_32_BIT_CONVERSION = YES;
				GCC_WARN_ABOUT_RETURN_TYPE = YES_ERROR;
				GCC_WARN_UNDECLARED_SELECTOR = YES;
				GCC_WARN_UNINITIALIZED_AUTOS = YES_AGGRESSIVE;
				GCC_WARN_UNUSED_FUNCTION = YES;
				GCC_WARN_UNUSED_VARIABLE = YES;
				MACOSX_DEPLOYMENT_TARGET = 13.1;
				MTL_ENABLE_DEBUG_INFO = INCLUDE_SOURCE;
				MTL_FAST_MATH = YES;
				ONLY_ACTIVE_ARCH = YES;
				SDKROOT = macosx;
				SWIFT_ACTIVE_COMPILATION_CONDITIONS = DEBUG;
				SWIFT_OPTIMIZATION_LEVEL = "-Onone";
			};
			name = Debug;
		};
		DAF29AD4298D4CB10076095B /* Release */ = {
			isa = XCBuildConfiguration;
			buildSettings = {
				ALWAYS_SEARCH_USER_PATHS = NO;
				CLANG_ANALYZER_NONNULL = YES;
				CLANG_ANALYZER_NUMBER_OBJECT_CONVERSION = YES_AGGRESSIVE;
				CLANG_CXX_LANGUAGE_STANDARD = "gnu++20";
				CLANG_ENABLE_MODULES = YES;
				CLANG_ENABLE_OBJC_ARC = YES;
				CLANG_ENABLE_OBJC_WEAK = YES;
				CLANG_WARN_BLOCK_CAPTURE_AUTORELEASING = YES;
				CLANG_WARN_BOOL_CONVERSION = YES;
				CLANG_WARN_COMMA = YES;
				CLANG_WARN_CONSTANT_CONVERSION = YES;
				CLANG_WARN_DEPRECATED_OBJC_IMPLEMENTATIONS = YES;
				CLANG_WARN_DIRECT_OBJC_ISA_USAGE = YES_ERROR;
				CLANG_WARN_DOCUMENTATION_COMMENTS = YES;
				CLANG_WARN_EMPTY_BODY = YES;
				CLANG_WARN_ENUM_CONVERSION = YES;
				CLANG_WARN_INFINITE_RECURSION = YES;
				CLANG_WARN_INT_CONVERSION = YES;
				CLANG_WARN_NON_LITERAL_NULL_CONVERSION = YES;
				CLANG_WARN_OBJC_IMPLICIT_RETAIN_SELF = YES;
				CLANG_WARN_OBJC_LITERAL_CONVERSION = YES;
				CLANG_WARN_OBJC_ROOT_CLASS = YES_ERROR;
				CLANG_WARN_QUOTED_INCLUDE_IN_FRAMEWORK_HEADER = YES;
				CLANG_WARN_RANGE_LOOP_ANALYSIS = YES;
				CLANG_WARN_STRICT_PROTOTYPES = YES;
				CLANG_WARN_SUSPICIOUS_MOVE = YES;
				CLANG_WARN_UNGUARDED_AVAILABILITY = YES_AGGRESSIVE;
				CLANG_WARN_UNREACHABLE_CODE = YES;
				CLANG_WARN__DUPLICATE_METHOD_MATCH = YES;
				COPY_PHASE_STRIP = NO;
				DEBUG_INFORMATION_FORMAT = "dwarf-with-dsym";
				ENABLE_NS_ASSERTIONS = NO;
				ENABLE_STRICT_OBJC_MSGSEND = YES;
				GCC_C_LANGUAGE_STANDARD = gnu11;
				GCC_NO_COMMON_BLOCKS = YES;
				GCC_WARN_64_TO_32_BIT_CONVERSION = YES;
				GCC_WARN_ABOUT_RETURN_TYPE = YES_ERROR;
				GCC_WARN_UNDECLARED_SELECTOR = YES;
				GCC_WARN_UNINITIALIZED_AUTOS = YES_AGGRESSIVE;
				GCC_WARN_UNUSED_FUNCTION = YES;
				GCC_WARN_UNUSED_VARIABLE = YES;
				MACOSX_DEPLOYMENT_TARGET = 13.1;
				MTL_ENABLE_DEBUG_INFO = NO;
				MTL_FAST_MATH = YES;
				SDKROOT = macosx;
				SWIFT_COMPILATION_MODE = wholemodule;
				SWIFT_OPTIMIZATION_LEVEL = "-O";
			};
			name = Release;
		};
		DAF29AD6298D4CB10076095B /* Debug */ = {
			isa = XCBuildConfiguration;
			buildSettings = {
				ASSETCATALOG_COMPILER_APPICON_NAME = AppIcon;
				ASSETCATALOG_COMPILER_GLOBAL_ACCENT_COLOR_NAME = AccentColor;
				CODE_SIGN_ENTITLEMENTS = LineChart/LineChart.entitlements;
				CODE_SIGN_STYLE = Automatic;
				COMBINE_HIDPI_IMAGES = YES;
				CURRENT_PROJECT_VERSION = 1;
				DEVELOPMENT_ASSET_PATHS = "\"LineChart/Preview Content\"";
				ENABLE_PREVIEWS = YES;
				GENERATE_INFOPLIST_FILE = YES;
				INFOPLIST_KEY_NSHumanReadableCopyright = "";
				LD_RUNPATH_SEARCH_PATHS = (
					"$(inherited)",
					"@executable_path/../Frameworks",
				);
				MACOSX_DEPLOYMENT_TARGET = 13.1;
				MARKETING_VERSION = 1.0;
				PRODUCT_BUNDLE_IDENTIFIER = com.spartascience.SpartaScan.LineChart;
				PRODUCT_NAME = "$(TARGET_NAME)";
				SUPPORTED_PLATFORMS = "iphoneos iphonesimulator macosx";
				SUPPORTS_MACCATALYST = NO;
				SUPPORTS_MAC_DESIGNED_FOR_IPHONE_IPAD = NO;
				SWIFT_EMIT_LOC_STRINGS = YES;
				SWIFT_VERSION = 5.0;
				TARGETED_DEVICE_FAMILY = 2;
			};
			name = Debug;
		};
		DAF29AD7298D4CB10076095B /* Release */ = {
			isa = XCBuildConfiguration;
			buildSettings = {
				ASSETCATALOG_COMPILER_APPICON_NAME = AppIcon;
				ASSETCATALOG_COMPILER_GLOBAL_ACCENT_COLOR_NAME = AccentColor;
				CODE_SIGN_ENTITLEMENTS = LineChart/LineChart.entitlements;
				CODE_SIGN_STYLE = Automatic;
				COMBINE_HIDPI_IMAGES = YES;
				CURRENT_PROJECT_VERSION = 1;
				DEVELOPMENT_ASSET_PATHS = "\"LineChart/Preview Content\"";
				ENABLE_PREVIEWS = YES;
				GENERATE_INFOPLIST_FILE = YES;
				INFOPLIST_KEY_NSHumanReadableCopyright = "";
				LD_RUNPATH_SEARCH_PATHS = (
					"$(inherited)",
					"@executable_path/../Frameworks",
				);
				MACOSX_DEPLOYMENT_TARGET = 13.1;
				MARKETING_VERSION = 1.0;
				PRODUCT_BUNDLE_IDENTIFIER = com.spartascience.SpartaScan.LineChart;
				PRODUCT_NAME = "$(TARGET_NAME)";
				SUPPORTED_PLATFORMS = "iphoneos iphonesimulator macosx";
				SUPPORTS_MACCATALYST = NO;
				SUPPORTS_MAC_DESIGNED_FOR_IPHONE_IPAD = NO;
				SWIFT_EMIT_LOC_STRINGS = YES;
				SWIFT_VERSION = 5.0;
				TARGETED_DEVICE_FAMILY = 2;
			};
			name = Release;
		};
/* End XCBuildConfiguration section */

/* Begin XCConfigurationList section */
		DAF29AC1298D4CB00076095B /* Build configuration list for PBXProject "LineChart" */ = {
			isa = XCConfigurationList;
			buildConfigurations = (
				DAF29AD3298D4CB10076095B /* Debug */,
				DAF29AD4298D4CB10076095B /* Release */,
			);
			defaultConfigurationIsVisible = 0;
			defaultConfigurationName = Release;
		};
		DAF29AD5298D4CB10076095B /* Build configuration list for PBXNativeTarget "LineChart" */ = {
			isa = XCConfigurationList;
			buildConfigurations = (
				DAF29AD6298D4CB10076095B /* Debug */,
				DAF29AD7298D4CB10076095B /* Release */,
			);
			defaultConfigurationIsVisible = 0;
			defaultConfigurationName = Release;
		};
/* End XCConfigurationList section */
	};
	rootObject = DAF29ABE298D4CB00076095B /* Project object */;
}
